PODS:
  - Flutter (1.0.0)
  - geocoding (1.0.5):
    - Flutter
  - google_maps_flutter_ios (0.0.1):
    - Flutter
    - GoogleMaps
  - GoogleMaps (4.2.0):
    - GoogleMaps/Maps (= 4.2.0)
  - GoogleMaps/Base (4.2.0)
  - GoogleMaps/Maps (4.2.0):
    - GoogleMaps/Base
  - location (0.0.1):
    - Flutter
  - package_info_plus (0.4.5):
    - Flutter
  - path_provider_foundation (0.0.1):
    - Flutter
    - FlutterMacOS
  - share_plus (0.0.1):
    - Flutter
  - shared_preferences_foundation (0.0.1):
    - Flutter
    - FlutterMacOS
  - uni_links (0.0.1):
    - Flutter
  - url_launcher_ios (0.0.1):
    - Flutter

DEPENDENCIES:
  - Flutter (from `Flutter`)
  - geocoding (from `.symlinks/plugins/geocoding/ios`)
  - google_maps_flutter_ios (from `.symlinks/plugins/google_maps_flutter_ios/ios`)
  - location (from `.symlinks/plugins/location/ios`)
  - package_info_plus (from `.symlinks/plugins/package_info_plus/ios`)
  - path_provider_foundation (from `.symlinks/plugins/path_provider_foundation/ios`)
  - share_plus (from `.symlinks/plugins/share_plus/ios`)
  - shared_preferences_foundation (from `.symlinks/plugins/shared_preferences_foundation/ios`)
  - uni_links (from `.symlinks/plugins/uni_links/ios`)
  - url_launcher_ios (from `.symlinks/plugins/url_launcher_ios/ios`)

SPEC REPOS:
  trunk:
    - GoogleMaps

EXTERNAL SOURCES:
  Flutter:
    :path: Flutter
  geocoding:
    :path: ".symlinks/plugins/geocoding/ios"
  google_maps_flutter_ios:
    :path: ".symlinks/plugins/google_maps_flutter_ios/ios"
  location:
    :path: ".symlinks/plugins/location/ios"
  package_info_plus:
    :path: ".symlinks/plugins/package_info_plus/ios"
  path_provider_foundation:
    :path: ".symlinks/plugins/path_provider_foundation/ios"
  share_plus:
    :path: ".symlinks/plugins/share_plus/ios"
  shared_preferences_foundation:
    :path: ".symlinks/plugins/shared_preferences_foundation/ios"
  uni_links:
    :path: ".symlinks/plugins/uni_links/ios"
  url_launcher_ios:
    :path: ".symlinks/plugins/url_launcher_ios/ios"

SPEC CHECKSUMS:
  Flutter: f04841e97a9d0b0a8025694d0796dd46242b2854
  geocoding: 32cfcdb16d38d907caaba65e2e42ad10d38bee58
  google_maps_flutter_ios: 66201f392bf62d500f07670a30488a247b9bb5b9
  GoogleMaps: eb03e327edfd70b06de1e6e321653f73712df7ad
  location: 3a2eed4dd2fab25e7b7baf2a9efefe82b512d740
  package_info_plus: 6c92f08e1f853dc01228d6f553146438dafcd14e
  path_provider_foundation: 37748e03f12783f9de2cb2c4eadfaa25fe6d4852
  share_plus: 056a1e8ac890df3e33cb503afffaf1e9b4fbae68
  shared_preferences_foundation: 297b3ebca31b34ec92be11acd7fb0ba932c822ca
  uni_links: d97da20c7701486ba192624d99bffaaffcfc298a
  url_launcher_ios: ae1517e5e344f5544fb090b079e11f399dfbe4d2

PODFILE CHECKSUM: 7368163408c647b7eb699d0d788ba6718e18fb8d

COCOAPODS: 1.11.3
